// !$*UTF8*$!
{
	archiveVersion = 1;
	classes = {
	};
	objectVersion = 46;
	objects = {

/* Begin PBXBuildFile section */
		BD7983051B76D55200871770 /* main.m in Sources */ = {isa = PBXBuildFile; fileRef = BD7983041B76D55200871770 /* main.m */; };
		BD7983081B76D55200871770 /* AppDelegate.m in Sources */ = {isa = PBXBuildFile; fileRef = BD7983071B76D55200871770 /* AppDelegate.m */; };
		BD79830B1B76D55200871770 /* ViewController.m in Sources */ = {isa = PBXBuildFile; fileRef = BD79830A1B76D55200871770 /* ViewController.m */; };
		BD79830E1B76D55200871770 /* Main.storyboard in Resources */ = {isa = PBXBuildFile; fileRef = BD79830C1B76D55200871770 /* Main.storyboard */; };
		BD7983101B76D55200871770 /* Images.xcassets in Resources */ = {isa = PBXBuildFile; fileRef = BD79830F1B76D55200871770 /* Images.xcassets */; };
		BD7983131B76D55200871770 /* LaunchScreen.xib in Resources */ = {isa = PBXBuildFile; fileRef = BD7983111B76D55200871770 /* LaunchScreen.xib */; };
		BD79831F1B76D55200871770 /* TwoDimensionalArrayTests.m in Sources */ = {isa = PBXBuildFile; fileRef = BD79831E1B76D55200871770 /* TwoDimensionalArrayTests.m */; };
/* End PBXBuildFile section */

/* Begin PBXContainerItemProxy section */
		BD7983191B76D55200871770 /* PBXContainerItemProxy */ = {
			isa = PBXContainerItemProxy;
			containerPortal = BD7982F71B76D55200871770 /* Project object */;
			proxyType = 1;
			remoteGlobalIDString = BD7982FE1B76D55200871770;
			remoteInfo = TwoDimensionalArray;
		};
/* End PBXContainerItemProxy section */

/* Begin PBXFileReference section */
		BD7982FF1B76D55200871770 /* TwoDimensionalArray.app */ = {isa = PBXFileReference; explicitFileType = wrapper.application; includeInIndex = 0; path = TwoDimensionalArray.app; sourceTree = BUILT_PRODUCTS_DIR; };
		BD7983031B76D55200871770 /* Info.plist */ = {isa = PBXFileReference; lastKnownFileType = text.plist.xml; path = Info.plist; sourceTree = "<group>"; };
		BD7983041B76D55200871770 /* main.m */ = {isa = PBXFileReference; lastKnownFileType = sourcecode.c.objc; path = main.m; sourceTree = "<group>"; };
		BD7983061B76D55200871770 /* AppDelegate.h */ = {isa = PBXFileReference; lastKnownFileType = sourcecode.c.h; path = AppDelegate.h; sourceTree = "<group>"; };
		BD7983071B76D55200871770 /* AppDelegate.m */ = {isa = PBXFileReference; lastKnownFileType = sourcecode.c.objc; path = AppDelegate.m; sourceTree = "<group>"; };
		BD7983091B76D55200871770 /* ViewController.h */ = {isa = PBXFileReference; lastKnownFileType = sourcecode.c.h; path = ViewController.h; sourceTree = "<group>"; };
		BD79830A1B76D55200871770 /* ViewController.m */ = {isa = PBXFileReference; lastKnownFileType = sourcecode.c.objc; path = ViewController.m; sourceTree = "<group>"; };
		BD79830D1B76D55200871770 /* Base */ = {isa = PBXFileReference; lastKnownFileType = file.storyboard; name = Base; path = Base.lproj/Main.storyboard; sourceTree = "<group>"; };
		BD79830F1B76D55200871770 /* Images.xcassets */ = {isa = PBXFileReference; lastKnownFileType = folder.assetcatalog; path = Images.xcassets; sourceTree = "<group>"; };
		BD7983121B76D55200871770 /* Base */ = {isa = PBXFileReference; lastKnownFileType = file.xib; name = Base; path = Base.lproj/LaunchScreen.xib; sourceTree = "<group>"; };
		BD7983181B76D55200871770 /* TwoDimensionalArrayTests.xctest */ = {isa = PBXFileReference; explicitFileType = wrapper.cfbundle; includeInIndex = 0; path = TwoDimensionalArrayTests.xctest; sourceTree = BUILT_PRODUCTS_DIR; };
		BD79831D1B76D55200871770 /* Info.plist */ = {isa = PBXFileReference; lastKnownFileType = text.plist.xml; path = Info.plist; sourceTree = "<group>"; };
		BD79831E1B76D55200871770 /* TwoDimensionalArrayTests.m */ = {isa = PBXFileReference; lastKnownFileType = sourcecode.c.objc; path = TwoDimensionalArrayTests.m; sourceTree = "<group>"; };
/* End PBXFileReference section */

/* Begin PBXFrameworksBuildPhase section */
		BD7982FC1B76D55200871770 /* Frameworks */ = {
			isa = PBXFrameworksBuildPhase;
			buildActionMask = 2147483647;
			files = (
			);
			runOnlyForDeploymentPostprocessing = 0;
		};
		BD7983151B76D55200871770 /* Frameworks */ = {
			isa = PBXFrameworksBuildPhase;
			buildActionMask = 2147483647;
			files = (
			);
			runOnlyForDeploymentPostprocessing = 0;
		};
/* End PBXFrameworksBuildPhase section */

/* Begin PBXGroup section */
		BD7982F61B76D55200871770 = {
			isa = PBXGroup;
			children = (
				BD7983011B76D55200871770 /* TwoDimensionalArray */,
				BD79831B1B76D55200871770 /* TwoDimensionalArrayTests */,
				BD7983001B76D55200871770 /* Products */,
			);
			sourceTree = "<group>";
		};
		BD7983001B76D55200871770 /* Products */ = {
			isa = PBXGroup;
			children = (
				BD7982FF1B76D55200871770 /* TwoDimensionalArray.app */,
				BD7983181B76D55200871770 /* TwoDimensionalArrayTests.xctest */,
			);
			name = Products;
			sourceTree = "<group>";
		};
		BD7983011B76D55200871770 /* TwoDimensionalArray */ = {
			isa = PBXGroup;
			children = (
				BD7983061B76D55200871770 /* AppDelegate.h */,
				BD7983071B76D55200871770 /* AppDelegate.m */,
				BD7983091B76D55200871770 /* ViewController.h */,
				BD79830A1B76D55200871770 /* ViewController.m */,
				BD79830C1B76D55200871770 /* Main.storyboard */,
				BD79830F1B76D55200871770 /* Images.xcassets */,
				BD7983111B76D55200871770 /* LaunchScreen.xib */,
				BD7983021B76D55200871770 /* Supporting Files */,
			);
			path = TwoDimensionalArray;
			sourceTree = "<group>";
		};
		BD7983021B76D55200871770 /* Supporting Files */ = {
			isa = PBXGroup;
			children = (
				BD7983031B76D55200871770 /* Info.plist */,
				BD7983041B76D55200871770 /* main.m */,
			);
			name = "Supporting Files";
			sourceTree = "<group>";
		};
		BD79831B1B76D55200871770 /* TwoDimensionalArrayTests */ = {
			isa = PBXGroup;
			children = (
				BD79831E1B76D55200871770 /* TwoDimensionalArrayTests.m */,
				BD79831C1B76D55200871770 /* Supporting Files */,
			);
			path = TwoDimensionalArrayTests;
			sourceTree = "<group>";
		};
		BD79831C1B76D55200871770 /* Supporting Files */ = {
			isa = PBXGroup;
			children = (
				BD79831D1B76D55200871770 /* Info.plist */,
			);
			name = "Supporting Files";
			sourceTree = "<group>";
		};
/* End PBXGroup section */

/* Begin PBXNativeTarget section */
		BD7982FE1B76D55200871770 /* TwoDimensionalArray */ = {
			isa = PBXNativeTarget;
			buildConfigurationList = BD7983221B76D55200871770 /* Build configuration list for PBXNativeTarget "TwoDimensionalArray" */;
			buildPhases = (
				BD7982FB1B76D55200871770 /* Sources */,
				BD7982FC1B76D55200871770 /* Frameworks */,
				BD7982FD1B76D55200871770 /* Resources */,
			);
			buildRules = (
			);
			dependencies = (
			);
			name = TwoDimensionalArray;
			productName = TwoDimensionalArray;
			productReference = BD7982FF1B76D55200871770 /* TwoDimensionalArray.app */;
			productType = "com.apple.product-type.application";
		};
		BD7983171B76D55200871770 /* TwoDimensionalArrayTests */ = {
			isa = PBXNativeTarget;
			buildConfigurationList = BD7983251B76D55200871770 /* Build configuration list for PBXNativeTarget "TwoDimensionalArrayTests" */;
			buildPhases = (
				BD7983141B76D55200871770 /* Sources */,
				BD7983151B76D55200871770 /* Frameworks */,
				BD7983161B76D55200871770 /* Resources */,
			);
			buildRules = (
			);
			dependencies = (
				BD79831A1B76D55200871770 /* PBXTargetDependency */,
			);
			name = TwoDimensionalArrayTests;
			productName = TwoDimensionalArrayTests;
			productReference = BD7983181B76D55200871770 /* TwoDimensionalArrayTests.xctest */;
			productType = "com.apple.product-type.bundle.unit-test";
		};
/* End PBXNativeTarget section */

/* Begin PBXProject section */
		BD7982F71B76D55200871770 /* Project object */ = {
			isa = PBXProject;
			attributes = {
				LastUpgradeCheck = 0640;
				ORGANIZATIONNAME = "GC App";
				TargetAttributes = {
					BD7982FE1B76D55200871770 = {
						CreatedOnToolsVersion = 6.4;
					};
					BD7983171B76D55200871770 = {
						CreatedOnToolsVersion = 6.4;
						TestTargetID = BD7982FE1B76D55200871770;
					};
				};
			};
			buildConfigurationList = BD7982FA1B76D55200871770 /* Build configuration list for PBXProject "TwoDimensionalArray" */;
			compatibilityVersion = "Xcode 3.2";
			developmentRegion = English;
			hasScannedForEncodings = 0;
			knownRegions = (
				en,
				Base,
			);
			mainGroup = BD7982F61B76D55200871770;
			productRefGroup = BD7983001B76D55200871770 /* Products */;
			projectDirPath = "";
			projectRoot = "";
			targets = (
				BD7982FE1B76D55200871770 /* TwoDimensionalArray */,
				BD7983171B76D55200871770 /* TwoDimensionalArrayTests */,
			);
		};
/* End PBXProject section */

/* Begin PBXResourcesBuildPhase section */
		BD7982FD1B76D55200871770 /* Resources */ = {
			isa = PBXResourcesBuildPhase;
			buildActionMask = 2147483647;
			files = (
				BD79830E1B76D55200871770 /* Main.storyboard in Resources */,
				BD7983131B76D55200871770 /* LaunchScreen.xib in Resources */,
				BD7983101B76D55200871770 /* Images.xcassets in Resources */,
			);
			runOnlyForDeploymentPostprocessing = 0;
		};
		BD7983161B76D55200871770 /* Resources */ = {
			isa = PBXResourcesBuildPhase;
			buildActionMask = 2147483647;
			files = (
			);
			runOnlyForDeploymentPostprocessing = 0;
		};
/* End PBXResourcesBuildPhase section */

/* Begin PBXSourcesBuildPhase section */
		BD7982FB1B76D55200871770 /* Sources */ = {
			isa = PBXSourcesBuildPhase;
			buildActionMask = 2147483647;
			files = (
				BD79830B1B76D55200871770 /* ViewController.m in Sources */,
				BD7983081B76D55200871770 /* AppDelegate.m in Sources */,
				BD7983051B76D55200871770 /* main.m in Sources */,
			);
			runOnlyForDeploymentPostprocessing = 0;
		};
		BD7983141B76D55200871770 /* Sources */ = {
			isa = PBXSourcesBuildPhase;
			buildActionMask = 2147483647;
			files = (
				BD79831F1B76D55200871770 /* TwoDimensionalArrayTests.m in Sources */,
			);
			runOnlyForDeploymentPostprocessing = 0;
		};
/* End PBXSourcesBuildPhase section */

/* Begin PBXTargetDependency section */
		BD79831A1B76D55200871770 /* PBXTargetDependency */ = {
			isa = PBXTargetDependency;
			target = BD7982FE1B76D55200871770 /* TwoDimensionalArray */;
			targetProxy = BD7983191B76D55200871770 /* PBXContainerItemProxy */;
		};
/* End PBXTargetDependency section */

/* Begin PBXVariantGroup section */
		BD79830C1B76D55200871770 /* Main.storyboard */ = {
			isa = PBXVariantGroup;
			children = (
				BD79830D1B76D55200871770 /* Base */,
			);
			name = Main.storyboard;
			sourceTree = "<group>";
		};
		BD7983111B76D55200871770 /* LaunchScreen.xib */ = {
			isa = PBXVariantGroup;
			children = (
				BD7983121B76D55200871770 /* Base */,
			);
			name = LaunchScreen.xib;
			sourceTree = "<group>";
		};
/* End PBXVariantGroup section */

/* Begin XCBuildConfiguration section */
		BD7983201B76D55200871770 /* Debug */ = {
			isa = XCBuildConfiguration;
			buildSettings = {
				ALWAYS_SEARCH_USER_PATHS = NO;
				CLANG_CXX_LANGUAGE_STANDARD = "gnu++0x";
				CLANG_CXX_LIBRARY = "libc++";
				CLANG_ENABLE_MODULES = YES;
				CLANG_ENABLE_OBJC_ARC = YES;
				CLANG_WARN_BOOL_CONVERSION = YES;
				CLANG_WARN_CONSTANT_CONVERSION = YES;
				CLANG_WARN_DIRECT_OBJC_ISA_USAGE = YES_ERROR;
				CLANG_WARN_EMPTY_BODY = YES;
				CLANG_WARN_ENUM_CONVERSION = YES;
				CLANG_WARN_INT_CONVERSION = YES;
				CLANG_WARN_OBJC_ROOT_CLASS = YES_ERROR;
				CLANG_WARN_UNREACHABLE_CODE = YES;
				CLANG_WARN__DUPLICATE_METHOD_MATCH = YES;
				"CODE_SIGN_IDENTITY[sdk=iphoneos*]" = "iPhone Developer";
				COPY_PHASE_STRIP = NO;
				DEBUG_INFORMATION_FORMAT = "dwarf-with-dsym";
				ENABLE_STRICT_OBJC_MSGSEND = YES;
				GCC_C_LANGUAGE_STANDARD = gnu99;
				GCC_DYNAMIC_NO_PIC = NO;
				GCC_NO_COMMON_BLOCKS = YES;
				GCC_OPTIMIZATION_LEVEL = 0;
				GCC_PREPROCESSOR_DEFINITIONS = (
					"DEBUG=1",
					"$(inherited)",
				);
				GCC_SYMBOLS_PRIVATE_EXTERN = NO;
				GCC_WARN_64_TO_32_BIT_CONVERSION = YES;
				GCC_WARN_ABOUT_RETURN_TYPE = YES_ERROR;
				GCC_WARN_UNDECLARED_SELECTOR = YES;
				GCC_WARN_UNINITIALIZED_AUTOS = YES_AGGRESSIVE;
				GCC_WARN_UNUSED_FUNCTION = YES;
				GCC_WARN_UNUSED_VARIABLE = YES;
				IPHONEOS_DEPLOYMENT_TARGET = 8.4;
				MTL_ENABLE_DEBUG_INFO = YES;
				ONLY_ACTIVE_ARCH = YES;
				SDKROOT = iphoneos;
				TARGETED_DEVICE_FAMILY = "1,2";
			};
			name = Debug;
		};
		BD7983211B76D55200871770 /* Release */ = {
			isa = XCBuildConfiguration;
			buildSettings = {
				ALWAYS_SEARCH_USER_PATHS = NO;
				CLANG_CXX_LANGUAGE_STANDARD = "gnu++0x";
				CLANG_CXX_LIBRARY = "libc++";
				CLANG_ENABLE_MODULES = YES;
				CLANG_ENABLE_OBJC_ARC = YES;
				CLANG_WARN_BOOL_CONVERSION = YES;
				CLANG_WARN_CONSTANT_CONVERSION = YES;
				CLANG_WARN_DIRECT_OBJC_ISA_USAGE = YES_ERROR;
				CLANG_WARN_EMPTY_BODY = YES;
				CLANG_WARN_ENUM_CONVERSION = YES;
				CLANG_WARN_INT_CONVERSION = YES;
				CLANG_WARN_OBJC_ROOT_CLASS = YES_ERROR;
				CLANG_WARN_UNREACHABLE_CODE = YES;
				CLANG_WARN__DUPLICATE_METHOD_MATCH = YES;
				"CODE_SIGN_IDENTITY[sdk=iphoneos*]" = "iPhone Developer";
				COPY_PHASE_STRIP = NO;
				DEBUG_INFORMATION_FORMAT = "dwarf-with-dsym";
				ENABLE_NS_ASSERTIONS = NO;
				ENABLE_STRICT_OBJC_MSGSEND = YES;
				GCC_C_LANGUAGE_STANDARD = gnu99;
				GCC_NO_COMMON_BLOCKS = YES;
				GCC_WARN_64_TO_32_BIT_CONVERSION = YES;
				GCC_WARN_ABOUT_RETURN_TYPE = YES_ERROR;
				GCC_WARN_UNDECLARED_SELECTOR = YES;
				GCC_WARN_UNINITIALIZED_AUTOS = YES_AGGRESSIVE;
				GCC_WARN_UNUSED_FUNCTION = YES;
				GCC_WARN_UNUSED_VARIABLE = YES;
				IPHONEOS_DEPLOYMENT_TARGET = 8.4;
				MTL_ENABLE_DEBUG_INFO = NO;
				SDKROOT = iphoneos;
				TARGETED_DEVICE_FAMILY = "1,2";
				VALIDATE_PRODUCT = YES;
			};
			name = Release;
		};
		BD7983231B76D55200871770 /* Debug */ = {
			isa = XCBuildConfiguration;
			buildSettings = {
				ASSETCATALOG_COMPILER_APPICON_NAME = AppIcon;
				INFOPLIST_FILE = TwoDimensionalArray/Info.plist;
				LD_RUNPATH_SEARCH_PATHS = "$(inherited) @executable_path/Frameworks";
				PRODUCT_NAME = "$(TARGET_NAME)";
			};
			name = Debug;
		};
		BD7983241B76D55200871770 /* Release */ = {
			isa = XCBuildConfiguration;
			buildSettings = {
				ASSETCATALOG_COMPILER_APPICON_NAME = AppIcon;
				INFOPLIST_FILE = TwoDimensionalArray/Info.plist;
				LD_RUNPATH_SEARCH_PATHS = "$(inherited) @executable_path/Frameworks";
				PRODUCT_NAME = "$(TARGET_NAME)";
			};
			name = Release;
		};
		BD7983261B76D55200871770 /* Debug */ = {
			isa = XCBuildConfiguration;
			buildSettings = {
				BUNDLE_LOADER = "$(TEST_HOST)";
				FRAMEWORK_SEARCH_PATHS = (
					"$(SDKROOT)/Developer/Library/Frameworks",
					"$(inherited)",
				);
				GCC_PREPROCESSOR_DEFINITIONS = (
					"DEBUG=1",
					"$(inherited)",
				);
				INFOPLIST_FILE = TwoDimensionalArrayTests/Info.plist;
				LD_RUNPATH_SEARCH_PATHS = "$(inherited) @executable_path/Frameworks @loader_path/Frameworks";
				PRODUCT_NAME = "$(TARGET_NAME)";
				TEST_HOST = "$(BUILT_PRODUCTS_DIR)/TwoDimensionalArray.app/TwoDimensionalArray";
			};
			name = Debug;
		};
		BD7983271B76D55200871770 /* Release */ = {
			isa = XCBuildConfiguration;
			buildSettings = {
				BUNDLE_LOADER = "$(TEST_HOST)";
				FRAMEWORK_SEARCH_PATHS = (
					"$(SDKROOT)/Developer/Library/Frameworks",
					"$(inherited)",
				);
				INFOPLIST_FILE = TwoDimensionalArrayTests/Info.plist;
				LD_RUNPATH_SEARCH_PATHS = "$(inherited) @executable_path/Frameworks @loader_path/Frameworks";
				PRODUCT_NAME = "$(TARGET_NAME)";
				TEST_HOST = "$(BUILT_PRODUCTS_DIR)/TwoDimensionalArray.app/TwoDimensionalArray";
			};
			name = Release;
		};
/* End XCBuildConfiguration section */

/* Begin XCConfigurationList section */
		BD7982FA1B76D55200871770 /* Build configuration list for PBXProject "TwoDimensionalArray" */ = {
			isa = XCConfigurationList;
			buildConfigurations = (
				BD7983201B76D55200871770 /* Debug */,
				BD7983211B76D55200871770 /* Release */,
			);
			defaultConfigurationIsVisible = 0;
			defaultConfigurationName = Release;
		};
		BD7983221B76D55200871770 /* Build configuration list for PBXNativeTarget "TwoDimensionalArray" */ = {
			isa = XCConfigurationList;
			buildConfigurations = (
				BD7983231B76D55200871770 /* Debug */,
				BD7983241B76D55200871770 /* Release */,
			);
			defaultConfigurationIsVisible = 0;
		};
		BD7983251B76D55200871770 /* Build configuration list for PBXNativeTarget "TwoDimensionalArrayTests" */ = {
			isa = XCConfigurationList;
			buildConfigurations = (
				BD7983261B76D55200871770 /* Debug */,
				BD7983271B76D55200871770 /* Release */,
			);
			defaultConfigurationIsVisible = 0;
		};
/* End XCConfigurationList section */
	};
	rootObject = BD7982F71B76D55200871770 /* Project object */;
}
